{
    "requires": true,
    "lockfileVersion": 1,
    "dependencies": {
        "bulma-extensions": {
            "version": "6.2.5",
            "resolved": "https://registry.npmjs.org/bulma-extensions/-/bulma-extensions-6.2.5.tgz",
            "integrity": "sha512-66nm0M4C8edOldw38hCRJ2cCQbocCkaUnl+UqBXXWQxiYbqCBNSDBjkfWllDOU2IXs4b4QwW2DwFjNqPLEk9xw=="
        }
    }
}
